
Microsoft Visual Studio Solution File, Format Version 12.00
# Visual Studio 14
VisualStudioVersion = 14.0.24720.0
MinimumVisualStudioVersion = 10.0.40219.1
Project("{FAE04EC0-301F-11D3-BF4B-00C04F79EFBC}") = "Calculator", "ConsoleApplication1\Calculator.csproj", "{A426FA2F-CDB8-4D05-98F4-0E267B9D3859}"
EndProject
Project("{FAE04EC0-301F-11D3-BF4B-00C04F79EFBC}") = "Calculator.Test", "UnitTestProject1\Calculator.Test.csproj", "{B93C9C9D-2E9F-4A7D-91A0-3A25549DE9B0}"
EndProject
Global
	GlobalSection(SolutionConfigurationPlatforms) = preSolution
		Debug|Any CPU = Debug|Any CPU
		Release|Any CPU = Release|Any CPU
	EndGlobalSection
	GlobalSection(ProjectConfigurationPlatforms) = postSolution
		{A426FA2F-CDB8-4D05-98F4-0E267B9D3859}.Debug|Any CPU.ActiveCfg = Debug|Any CPU
		{A426FA2F-CDB8-4D05-98F4-0E267B9D3859}.Debug|Any CPU.Build.0 = Debug|Any CPU
		{A426FA2F-CDB8-4D05-98F4-0E267B9D3859}.Release|Any CPU.ActiveCfg = Release|Any CPU
		{A426FA2F-CDB8-4D05-98F4-0E267B9D3859}.Release|Any CPU.Build.0 = Release|Any CPU
		{B93C9C9D-2E9F-4A7D-91A0-3A25549DE9B0}.Debug|Any CPU.ActiveCfg = Debug|Any CPU
		{B93C9C9D-2E9F-4A7D-91A0-3A25549DE9B0}.Debug|Any CPU.Build.0 = Debug|Any CPU
		{B93C9C9D-2E9F-4A7D-91A0-3A25549DE9B0}.Release|Any CPU.ActiveCfg = Release|Any CPU
		{B93C9C9D-2E9F-4A7D-91A0-3A25549DE9B0}.Release|Any CPU.Build.0 = Release|Any CPU
	EndGlobalSection
	GlobalSection(SolutionProperties) = preSolution
		HideSolutionNode = FALSE
	EndGlobalSection
EndGlobal
